
Microsoft Visual Studio Solution File, Format Version 12.00
# Visual Studio Version 16
VisualStudioVersion = 16.0.30523.141
MinimumVisualStudioVersion = 10.0.40219.1
Project("{FAE04EC0-301F-11D3-BF4B-00C04F79EFBC}") = "ElevenNote.MVC", "ElevenNote.MVC\ElevenNote.MVC.csproj", "{AA2BA118-4724-4958-80F1-5DB2AB7CD4D1}"
EndProject
Global
	GlobalSection(SolutionConfigurationPlatforms) = preSolution
		Debug|Any CPU = Debug|Any CPU
		Release|Any CPU = Release|Any CPU
	EndGlobalSection
	GlobalSection(ProjectConfigurationPlatforms) = postSolution
		{AA2BA118-4724-4958-80F1-5DB2AB7CD4D1}.Debug|Any CPU.ActiveCfg = Debug|Any CPU
		{AA2BA118-4724-4958-80F1-5DB2AB7CD4D1}.Debug|Any CPU.Build.0 = Debug|Any CPU
		{AA2BA118-4724-4958-80F1-5DB2AB7CD4D1}.Release|Any CPU.ActiveCfg = Release|Any CPU
		{AA2BA118-4724-4958-80F1-5DB2AB7CD4D1}.Release|Any CPU.Build.0 = Release|Any CPU
	EndGlobalSection
	GlobalSection(SolutionProperties) = preSolution
		HideSolutionNode = FALSE
	EndGlobalSection
	GlobalSection(ExtensibilityGlobals) = postSolution
		SolutionGuid = {25FC29D9-4507-4B18-A29F-E80214226F20}
	EndGlobalSection
EndGlobal
